<?xml version="1.0" encoding="utf-8"?>
<Project ToolsVersion="Current" xmlns="http://schemas.microsoft.com/developer/msbuild/2003">
  <ItemGroup>
    <ClCompile Include="bird.cpp" />
    <ClCompile Include="bullet.cpp" />
    <ClCompile Include="effect.cpp" />
    <ClCompile Include="game.cpp" />
    <ClCompile Include="gun.cpp" />
    <ClCompile Include="point.cpp" />
    <ClCompile Include="score.cpp" />
    <ClCompile Include="skeet.cpp" />
    <ClCompile Include="time.cpp" />
    <ClCompile Include="uiInteract.cpp" />
    <ClCompile Include="bullet-interface.cpp" />
    <ClCompile Include="bullet-logic.cpp" />
    <ClCompile Include="bullet-storage.cpp" />
    <ClCompile Include="effect-interface.cpp" />
    <ClCompile Include="effect-logic.cpp" />
    <ClCompile Include="birdLogic.cpp" />
    <ClCompile Include="overall-logic.cpp" />
    <ClCompile Include="overall-interface.cpp" />
  </ItemGroup>
  <ItemGroup>
    <ClInclude Include="bullet.h" />
    <ClInclude Include="bird.h" />
    <ClInclude Include="effect.h" />
    <ClInclude Include="gun.h" />
    <ClInclude Include="point.h" />
    <ClInclude Include="score.h" />
    <ClInclude Include="skeet.h" />
    <ClInclude Include="time.h" />
    <ClInclude Include="uiInteract.h" />
    <ClInclude Include="bullet-interface.h" />
    <ClInclude Include="bullet-logic.h" />
    <ClInclude Include="bullet-storage.h" />
    <ClInclude Include="effect-interface.h" />
    <ClInclude Include="effect-logic.h" />
    <ClInclude Include="effect-storage.h" />
    <ClInclude Include="overall-interface.h" />
    <ClInclude Include="overall-logic.h" />
    <ClInclude Include="overall-storage.h" />
    <ClInclude Include="birdInterface.h" />
    <ClInclude Include="birdLogic.h" />
    <ClInclude Include="birdStorage.h" />
    <ClInclude Include="gun-storage.h" />
    <ClInclude Include="gun-logic.h" />
    <ClInclude Include="object-type.h" />
    <ClInclude Include="object.h" />
    <ClInclude Include="gun-interface.h" />
  </ItemGroup>
</Project>